{
	"name": "redlang",
	"version": "1.0.0",
	"lockfileVersion": 2,
	"requires": true,
	"packages": {
		"": {
			"name": "redlang",
			"version": "1.0.0",
			"license": "ISC",
			"dependencies": {
				"fs": "^0.0.1-security"
			},
			"devDependencies": {
				"@types/node": "^17.0.12"
			}
		},
		"node_modules/@types/node": {
			"version": "17.0.12",
			"resolved": "https://registry.npmjs.org/@types/node/-/node-17.0.12.tgz",
			"integrity": "sha512-4YpbAsnJXWYK/fpTVFlMIcUIho2AYCi4wg5aNPrG1ng7fn/1/RZfCIpRCiBX+12RVa34RluilnvCqD+g3KiSiA==",
			"dev": true
		},
		"node_modules/fs": {
			"version": "0.0.1-security",
			"resolved": "https://registry.npmjs.org/fs/-/fs-0.0.1-security.tgz",
			"integrity": "sha1-invTcYa23d84E/I4WLV+yq9eQdQ="
		}
	},
	"dependencies": {
		"@types/node": {
			"version": "17.0.12",
			"resolved": "https://registry.npmjs.org/@types/node/-/node-17.0.12.tgz",
			"integrity": "sha512-4YpbAsnJXWYK/fpTVFlMIcUIho2AYCi4wg5aNPrG1ng7fn/1/RZfCIpRCiBX+12RVa34RluilnvCqD+g3KiSiA==",
			"dev": true
		},
		"fs": {
			"version": "0.0.1-security",
			"resolved": "https://registry.npmjs.org/fs/-/fs-0.0.1-security.tgz",
			"integrity": "sha1-invTcYa23d84E/I4WLV+yq9eQdQ="
		}
	}
}
